{
  "requires": true,
  "lockfileVersion": 1,
  "dependencies": {
    "ngx-pagination": {
      "version": "3.2.0",
      "resolved": "https://registry.npmjs.org/ngx-pagination/-/ngx-pagination-3.2.0.tgz",
      "integrity": "sha512-Q/q5HNR/TlsNvZYlNWPW73OjWL/VbLt5Td3HlMIiW4JKLmWkrYOwqIpU7g8ru0t5mcZk6xqi3jEXI2eiK1N5Ew=="
    }
  }
}
